
Microsoft Visual Studio Solution File, Format Version 12.00
# Visual Studio Version 16
VisualStudioVersion = 16.0.29709.97
MinimumVisualStudioVersion = 10.0.40219.1
Project("{FAE04EC0-301F-11D3-BF4B-00C04F79EFBC}") = "Car", "Car.csproj", "{CF636D82-0A62-48D5-9315-BAA0ADA32BAB}"
EndProject
Global
	GlobalSection(SolutionConfigurationPlatforms) = preSolution
		Debug|Any CPU = Debug|Any CPU
		Release|Any CPU = Release|Any CPU
	EndGlobalSection
	GlobalSection(ProjectConfigurationPlatforms) = postSolution
		{CF636D82-0A62-48D5-9315-BAA0ADA32BAB}.Debug|Any CPU.ActiveCfg = Debug|Any CPU
		{CF636D82-0A62-48D5-9315-BAA0ADA32BAB}.Debug|Any CPU.Build.0 = Debug|Any CPU
		{CF636D82-0A62-48D5-9315-BAA0ADA32BAB}.Release|Any CPU.ActiveCfg = Release|Any CPU
		{CF636D82-0A62-48D5-9315-BAA0ADA32BAB}.Release|Any CPU.Build.0 = Release|Any CPU
	EndGlobalSection
	GlobalSection(SolutionProperties) = preSolution
		HideSolutionNode = FALSE
	EndGlobalSection
	GlobalSection(ExtensibilityGlobals) = postSolution
		SolutionGuid = {04B0226F-9C48-4A54-B284-EEDD9B752EB2}
	EndGlobalSection
EndGlobal
